
Microsoft Visual Studio Solution File, Format Version 12.00
# Visual Studio Version 17
VisualStudioVersion = 17.7.34031.279
MinimumVisualStudioVersion = 10.0.40219.1
Project("{FAE04EC0-301F-11D3-BF4B-00C04F79EFBC}") = "labBrandCarTable", "labBrandCarTable\labBrandCarTable.csproj", "{7647707E-C5D3-4F55-8416-3530C1CB8568}"
EndProject
Global
	GlobalSection(SolutionConfigurationPlatforms) = preSolution
		Debug|Any CPU = Debug|Any CPU
		Release|Any CPU = Release|Any CPU
	EndGlobalSection
	GlobalSection(ProjectConfigurationPlatforms) = postSolution
		{7647707E-C5D3-4F55-8416-3530C1CB8568}.Debug|Any CPU.ActiveCfg = Debug|Any CPU
		{7647707E-C5D3-4F55-8416-3530C1CB8568}.Debug|Any CPU.Build.0 = Debug|Any CPU
		{7647707E-C5D3-4F55-8416-3530C1CB8568}.Release|Any CPU.ActiveCfg = Release|Any CPU
		{7647707E-C5D3-4F55-8416-3530C1CB8568}.Release|Any CPU.Build.0 = Release|Any CPU
	EndGlobalSection
	GlobalSection(SolutionProperties) = preSolution
		HideSolutionNode = FALSE
	EndGlobalSection
	GlobalSection(ExtensibilityGlobals) = postSolution
		SolutionGuid = {09E65FA9-5654-4CAF-B3CF-9640B86E1570}
	EndGlobalSection
EndGlobal
